
Microsoft Visual Studio Solution File, Format Version 12.00
# Visual Studio Version 17
VisualStudioVersion = 17.1.32328.378
MinimumVisualStudioVersion = 10.0.40219.1
Project("{9A19103F-16F7-4668-BE54-9A1E7A4F7556}") = "Ocelot.Provider.Static.Tests", "tests\Ocelot.Provider.Static.Tests.csproj", "{535EE522-3528-4C6A-BDF8-DC492B630B74}"
EndProject
Project("{9A19103F-16F7-4668-BE54-9A1E7A4F7556}") = "Ocelot.Provider.Static", "src\Ocelot.Provider.Static.csproj", "{3F96A899-6FBF-44E4-96EA-0659289661F6}"
EndProject
Global
	GlobalSection(SolutionConfigurationPlatforms) = preSolution
		Debug|Any CPU = Debug|Any CPU
		Release|Any CPU = Release|Any CPU
	EndGlobalSection
	GlobalSection(ProjectConfigurationPlatforms) = postSolution
		{535EE522-3528-4C6A-BDF8-DC492B630B74}.Debug|Any CPU.ActiveCfg = Debug|Any CPU
		{535EE522-3528-4C6A-BDF8-DC492B630B74}.Debug|Any CPU.Build.0 = Debug|Any CPU
		{535EE522-3528-4C6A-BDF8-DC492B630B74}.Release|Any CPU.ActiveCfg = Release|Any CPU
		{535EE522-3528-4C6A-BDF8-DC492B630B74}.Release|Any CPU.Build.0 = Release|Any CPU
		{3F96A899-6FBF-44E4-96EA-0659289661F6}.Debug|Any CPU.ActiveCfg = Debug|Any CPU
		{3F96A899-6FBF-44E4-96EA-0659289661F6}.Debug|Any CPU.Build.0 = Debug|Any CPU
		{3F96A899-6FBF-44E4-96EA-0659289661F6}.Release|Any CPU.ActiveCfg = Release|Any CPU
		{3F96A899-6FBF-44E4-96EA-0659289661F6}.Release|Any CPU.Build.0 = Release|Any CPU
	EndGlobalSection
	GlobalSection(SolutionProperties) = preSolution
		HideSolutionNode = FALSE
	EndGlobalSection
	GlobalSection(ExtensibilityGlobals) = postSolution
		SolutionGuid = {206F44CD-A402-4910-8D82-8163C8164117}
	EndGlobalSection
EndGlobal
